# This file is automatically @generated by Poetry 1.8.2 and should not be changed by hand.

[[package]]
name = "attrs"
version = "23.2.0"
description = "Classes Without Boilerplate"
optional = false
python-versions = ">=3.7"
files = [
    {file = "attrs-23.2.0-py3-none-any.whl", hash = "sha256:99b87a485a5820b23b879f04c2305b44b951b502fd64be915879d77a7e8fc6f1"},
    {file = "attrs-23.2.0.tar.gz", hash = "sha256:935dc3b529c262f6cf76e50877d35a4bd3c1de194fd41f47a2b7ae8f19971f30"},
]

[package.extras]
cov = ["attrs[tests]", "coverage[toml] (>=5.3)"]
dev = ["attrs[tests]", "pre-commit"]
docs = ["furo", "myst-parser", "sphinx", "sphinx-notfound-page", "sphinxcontrib-towncrier", "towncrier", "zope-interface"]
tests = ["attrs[tests-no-zope]", "zope-interface"]
tests-mypy = ["mypy (>=1.6)", "pytest-mypy-plugins"]
tests-no-zope = ["attrs[tests-mypy]", "cloudpickle", "hypothesis", "pympler", "pytest (>=4.3.0)", "pytest-xdist[psutil]"]

[[package]]
name = "colorama"
version = "0.4.6"
description = "Cross-platform colored terminal text."
optional = false
python-versions = "!=3.0.*,!=3.1.*,!=3.2.*,!=3.3.*,!=3.4.*,!=3.5.*,!=3.6.*,>=2.7"
files = [
    {file = "colorama-0.4.6-py2.py3-none-any.whl", hash = "sha256:4f1d9991f5acc0ca119f9d443620b77f9d6b33703e51011c16baf57afb285fc6"},
    {file = "colorama-0.4.6.tar.gz", hash = "sha256:08695f5cb7ed6e0531a20572697297273c47b8cae5a63ffc6d6ed5c201be6e44"},
]

[[package]]
name = "hypothesis"
version = "6.99.13"
description = "A library for property-based testing"
optional = false
python-versions = ">=3.8"
files = [
    {file = "hypothesis-6.99.13-py3-none-any.whl", hash = "sha256:b538df1d22365df84f94c38fb2d9c41a222373594c2a910cc8f4ddc68240a62f"},
    {file = "hypothesis-6.99.13.tar.gz", hash = "sha256:e425e8a3f1912e44f62ff3e2768dca19c79f46d43ec70fa56e96e2d7194ccd2d"},
]

[package.dependencies]
attrs = ">=22.2.0"
sortedcontainers = ">=2.1.0,<3.0.0"

[package.extras]
all = ["backports.zoneinfo (>=0.2.1)", "black (>=19.10b0)", "click (>=7.0)", "crosshair-tool (>=0.0.53)", "django (>=3.2)", "dpcontracts (>=0.4)", "hypothesis-crosshair (>=0.0.2)", "lark (>=0.10.1)", "libcst (>=0.3.16)", "numpy (>=1.17.3)", "pandas (>=1.1)", "pytest (>=4.6)", "python-dateutil (>=1.4)", "pytz (>=2014.1)", "redis (>=3.0.0)", "rich (>=9.0.0)", "tzdata (>=2024.1)"]
cli = ["black (>=19.10b0)", "click (>=7.0)", "rich (>=9.0.0)"]
codemods = ["libcst (>=0.3.16)"]
crosshair = ["crosshair-tool (>=0.0.53)", "hypothesis-crosshair (>=0.0.2)"]
dateutil = ["python-dateutil (>=1.4)"]
django = ["django (>=3.2)"]
dpcontracts = ["dpcontracts (>=0.4)"]
ghostwriter = ["black (>=19.10b0)"]
lark = ["lark (>=0.10.1)"]
numpy = ["numpy (>=1.17.3)"]
pandas = ["pandas (>=1.1)"]
pytest = ["pytest (>=4.6)"]
pytz = ["pytz (>=2014.1)"]
redis = ["redis (>=3.0.0)"]
zoneinfo = ["backports.zoneinfo (>=0.2.1)", "tzdata (>=2024.1)"]

[[package]]
name = "iniconfig"
version = "2.0.0"
description = "brain-dead simple config-ini parsing"
optional = false
python-versions = ">=3.7"
files = [
    {file = "iniconfig-2.0.0-py3-none-any.whl", hash = "sha256:b6a85871a79d2e3b22d2d1b94ac2824226a63c6b741c88f7ae975f18b6778374"},
    {file = "iniconfig-2.0.0.tar.gz", hash = "sha256:2d91e135bf72d31a410b17c16da610a82cb55f6b0477d1a902134b24a455b8b3"},
]

[[package]]
name = "jax"
version = "0.4.25"
description = "Differentiate, compile, and transform Numpy code."
optional = false
python-versions = ">=3.9"
files = [
    {file = "jax-0.4.25-py3-none-any.whl", hash = "sha256:8158c837e5ecc195074b421609e85329a962785b36f9fe5ff53e844e8ad87dbc"},
    {file = "jax-0.4.25.tar.gz", hash = "sha256:a8ee189c782de2b7b2ffb64a8916da380b882a617e2769aa429b71d79747b982"},
]

[package.dependencies]
ml-dtypes = ">=0.2.0"
numpy = [
    {version = ">=1.26.0", markers = "python_version >= \"3.12\""},
    {version = ">=1.23.2", markers = "python_version >= \"3.11\" and python_version < \"3.12\""},
]
opt-einsum = "*"
scipy = [
    {version = ">=1.11.1", markers = "python_version >= \"3.12\""},
    {version = ">=1.9", markers = "python_version < \"3.12\""},
]

[package.extras]
australis = ["protobuf (>=3.13,<4)"]
ci = ["jaxlib (==0.4.24)"]
cpu = ["jaxlib (==0.4.25)"]
cuda = ["jaxlib (==0.4.25+cuda11.cudnn86)"]
cuda11-cudnn86 = ["jaxlib (==0.4.25+cuda11.cudnn86)"]
cuda11-local = ["jaxlib (==0.4.25+cuda11.cudnn86)"]
cuda11-pip = ["jaxlib (==0.4.25+cuda11.cudnn86)", "nvidia-cublas-cu11 (>=11.11)", "nvidia-cuda-cupti-cu11 (>=11.8)", "nvidia-cuda-nvcc-cu11 (>=11.8)", "nvidia-cuda-runtime-cu11 (>=11.8)", "nvidia-cudnn-cu11 (>=8.8)", "nvidia-cufft-cu11 (>=10.9)", "nvidia-cusolver-cu11 (>=11.4)", "nvidia-cusparse-cu11 (>=11.7)", "nvidia-nccl-cu11 (>=2.18.3)"]
cuda12 = ["jax-cuda12-plugin (==0.4.25)", "jaxlib (==0.4.25)", "nvidia-cublas-cu12 (>=12.3.4.1)", "nvidia-cuda-cupti-cu12 (>=12.3.101)", "nvidia-cuda-nvcc-cu12 (>=12.3.107)", "nvidia-cuda-runtime-cu12 (>=12.3.101)", "nvidia-cudnn-cu12 (>=8.9.7.29)", "nvidia-cufft-cu12 (>=11.0.12.1)", "nvidia-cusolver-cu12 (>=11.5.4.101)", "nvidia-cusparse-cu12 (>=12.2.0.103)", "nvidia-nccl-cu12 (>=2.19.3)", "nvidia-nvjitlink-cu12 (>=12.3.101)"]
cuda12-local = ["jaxlib (==0.4.25+cuda12.cudnn89)"]
cuda12-pip = ["jaxlib (==0.4.25+cuda12.cudnn89)", "nvidia-cublas-cu12 (>=12.3.4.1)", "nvidia-cuda-cupti-cu12 (>=12.3.101)", "nvidia-cuda-nvcc-cu12 (>=12.3.107)", "nvidia-cuda-runtime-cu12 (>=12.3.101)", "nvidia-cudnn-cu12 (>=8.9.7.29)", "nvidia-cufft-cu12 (>=11.0.12.1)", "nvidia-cusolver-cu12 (>=11.5.4.101)", "nvidia-cusparse-cu12 (>=12.2.0.103)", "nvidia-nccl-cu12 (>=2.19.3)", "nvidia-nvjitlink-cu12 (>=12.3.101)"]
minimum-jaxlib = ["jaxlib (==0.4.20)"]
tpu = ["jaxlib (==0.4.25)", "libtpu-nightly (==0.1.dev20240224)", "requests"]

[[package]]
name = "jaxlib"
version = "0.4.25"
description = "XLA library for JAX"
optional = false
python-versions = ">=3.9"
files = [
    {file = "jaxlib-0.4.25-cp310-cp310-macosx_10_14_x86_64.whl", hash = "sha256:be1b26e96e80d42f54f77226a016717cb969d7d208d0dcb61997f19dc7b2d8e2"},
    {file = "jaxlib-0.4.25-cp310-cp310-macosx_11_0_arm64.whl", hash = "sha256:3b5cbd3a4f731636469cdaf06c4413208811ca458ee312647e8f3faca32f6445"},
    {file = "jaxlib-0.4.25-cp310-cp310-manylinux2014_aarch64.whl", hash = "sha256:89a011330aaeaf19027bba5e3236be155cc8d73d94aa9db84d817d414f4a7647"},
    {file = "jaxlib-0.4.25-cp310-cp310-manylinux2014_x86_64.whl", hash = "sha256:dcda74c7c8eb328cde8afeebcf21ec9240138fac54f9631a60b679a211f7e100"},
    {file = "jaxlib-0.4.25-cp310-cp310-win_amd64.whl", hash = "sha256:fd751b10e60c085dec42bec6c27c9905f5c57d12323190eea0df10ee14c574e0"},
    {file = "jaxlib-0.4.25-cp311-cp311-macosx_10_14_x86_64.whl", hash = "sha256:37da780cb545ca210bfa0402b5081452ad830bb06fe9e970fd16ad14d2fdc6a6"},
    {file = "jaxlib-0.4.25-cp311-cp311-macosx_11_0_arm64.whl", hash = "sha256:0df7e2193b216e195dfc7a8aa14527eb52614ec3ba4c59a199af2f17195ae1c1"},
    {file = "jaxlib-0.4.25-cp311-cp311-manylinux2014_aarch64.whl", hash = "sha256:0ce2a25263e7504d575e8ba5ba4f53aef6fe274679785bcf87ab06b0aaec0b90"},
    {file = "jaxlib-0.4.25-cp311-cp311-manylinux2014_x86_64.whl", hash = "sha256:a0dd09cbb62583941872b6a198894e87a1b64d8e4dd6b53946dbb41d642b8f5f"},
    {file = "jaxlib-0.4.25-cp311-cp311-win_amd64.whl", hash = "sha256:dfb1ef8c2e6a01ecb60f8833552ff077cd593154fd75739050fba9148879a2a4"},
    {file = "jaxlib-0.4.25-cp312-cp312-macosx_10_14_x86_64.whl", hash = "sha256:425d6f3fa57ea1d1674ae84b5a3d3588ba0937f3c47fd4f166eb84c4240887b8"},
    {file = "jaxlib-0.4.25-cp312-cp312-macosx_11_0_arm64.whl", hash = "sha256:0e97542bbd89f4316d2feb599119d8a43440ca151b7a165eff0fc127cf4512e7"},
    {file = "jaxlib-0.4.25-cp312-cp312-manylinux2014_aarch64.whl", hash = "sha256:c4e3bc32aea275e025e762612216954626478c9cf5c44131e248cdd17e361efd"},
    {file = "jaxlib-0.4.25-cp312-cp312-manylinux2014_x86_64.whl", hash = "sha256:dcfb71a7f559c13734584769ca30373bc4b73d0fe105790462370e49f35dcbe4"},
    {file = "jaxlib-0.4.25-cp312-cp312-win_amd64.whl", hash = "sha256:f7aa9682b6806e4197ad51294e87e77f04f5eee7ced4e841aa7ccc7320c6d96b"},
    {file = "jaxlib-0.4.25-cp39-cp39-macosx_10_14_x86_64.whl", hash = "sha256:6660b68741286bd4b849c149d86a8c36e448f7e39e1d483e79dab79ea300bf1b"},
    {file = "jaxlib-0.4.25-cp39-cp39-macosx_11_0_arm64.whl", hash = "sha256:32881f93d5de195a0fd19e091a2aa89418fa27f630d30c79b4613a51cff4d1c6"},
    {file = "jaxlib-0.4.25-cp39-cp39-manylinux2014_aarch64.whl", hash = "sha256:ad1ab653265c33b8d54bdcc40867a8ffd61fea879176e4d4cd0b585fe52521fc"},
    {file = "jaxlib-0.4.25-cp39-cp39-manylinux2014_x86_64.whl", hash = "sha256:0fd113ab414de856f90f07264e6ccd0cb95d392f3579c0deab4ff0943ef75f73"},
    {file = "jaxlib-0.4.25-cp39-cp39-win_amd64.whl", hash = "sha256:b11aef2bd6cf873b39399fda122170b625776d977bbc56b4635f46c396279b8b"},
]

[package.dependencies]
ml-dtypes = ">=0.2.0"
numpy = ">=1.22"
scipy = [
    {version = ">=1.11.1", markers = "python_version >= \"3.12\""},
    {version = ">=1.9", markers = "python_version < \"3.12\""},
]

[package.extras]
cuda11-pip = ["nvidia-cublas-cu11 (>=11.11)", "nvidia-cuda-cupti-cu11 (>=11.8)", "nvidia-cuda-nvcc-cu11 (>=11.8)", "nvidia-cuda-runtime-cu11 (>=11.8)", "nvidia-cudnn-cu11 (>=8.8)", "nvidia-cufft-cu11 (>=10.9)", "nvidia-cusolver-cu11 (>=11.4)", "nvidia-cusparse-cu11 (>=11.7)"]
cuda12-pip = ["nvidia-cublas-cu12", "nvidia-cuda-cupti-cu12", "nvidia-cuda-nvcc-cu12", "nvidia-cuda-runtime-cu12", "nvidia-cudnn-cu12 (>=8.9)", "nvidia-cufft-cu12", "nvidia-cusolver-cu12", "nvidia-cusparse-cu12"]

[[package]]
name = "jaxtyping"
version = "0.2.28"
description = "Type annotations and runtime checking for shape and dtype of JAX arrays, and PyTrees."
optional = false
python-versions = "~=3.9"
files = [
    {file = "jaxtyping-0.2.28-py3-none-any.whl", hash = "sha256:4a54eb964087cd46463d9a86c805b4e4f5c20cce5f22049d6f35a26d9f105bd3"},
    {file = "jaxtyping-0.2.28.tar.gz", hash = "sha256:cd20bf1558a90c6d77c589354e35670ecc5b94925ef45bf1c020fde7b44fac8d"},
]

[package.dependencies]
numpy = ">=1.20.0"
typeguard = "2.13.3"

[[package]]
name = "ml-dtypes"
version = "0.3.2"
description = ""
optional = false
python-versions = ">=3.9"
files = [
    {file = "ml_dtypes-0.3.2-cp310-cp310-macosx_10_9_universal2.whl", hash = "sha256:7afde548890a92b41c0fed3a6c525f1200a5727205f73dc21181a2726571bb53"},
    {file = "ml_dtypes-0.3.2-cp310-cp310-manylinux_2_17_aarch64.manylinux2014_aarch64.whl", hash = "sha256:d1a746fe5fb9cd974a91070174258f0be129c592b93f9ce7df6cc336416c3fbd"},
    {file = "ml_dtypes-0.3.2-cp310-cp310-manylinux_2_17_x86_64.manylinux2014_x86_64.whl", hash = "sha256:961134ea44c7b8ca63eda902a44b58cd8bd670e21d62e255c81fba0a8e70d9b7"},
    {file = "ml_dtypes-0.3.2-cp310-cp310-win_amd64.whl", hash = "sha256:6b35c4e8ca957c877ac35c79ffa77724ecc3702a1e4b18b08306c03feae597bb"},
    {file = "ml_dtypes-0.3.2-cp311-cp311-macosx_10_9_universal2.whl", hash = "sha256:763697ab8a88d47443997a7cdf3aac7340049aed45f7521f6b0ec8a0594821fe"},
    {file = "ml_dtypes-0.3.2-cp311-cp311-manylinux_2_17_aarch64.manylinux2014_aarch64.whl", hash = "sha256:b89b194e9501a92d289c1ffd411380baf5daafb9818109a4f49b0a1b6dce4462"},
    {file = "ml_dtypes-0.3.2-cp311-cp311-manylinux_2_17_x86_64.manylinux2014_x86_64.whl", hash = "sha256:2c34f2ba9660b21fe1034b608308a01be82bbef2a92fb8199f24dc6bad0d5226"},
    {file = "ml_dtypes-0.3.2-cp311-cp311-win_amd64.whl", hash = "sha256:6604877d567a29bfe7cc02969ae0f2425260e5335505cf5e7fefc3e5465f5655"},
    {file = "ml_dtypes-0.3.2-cp312-cp312-macosx_10_9_universal2.whl", hash = "sha256:93b78f53431c93953f7850bb1b925a17f0ab5d97527e38a7e865b5b4bc5cfc18"},
    {file = "ml_dtypes-0.3.2-cp312-cp312-manylinux_2_17_aarch64.manylinux2014_aarch64.whl", hash = "sha256:3a17ef2322e60858d93584e9c52a5be7dd6236b056b7fa1ec57f1bb6ba043e33"},
    {file = "ml_dtypes-0.3.2-cp312-cp312-manylinux_2_17_x86_64.manylinux2014_x86_64.whl", hash = "sha256:e8505946df1665db01332d885c2020b4cb9e84a8b1241eb4ba69d59591f65855"},
    {file = "ml_dtypes-0.3.2-cp312-cp312-win_amd64.whl", hash = "sha256:f47619d978ab1ae7dfdc4052ea97c636c6263e1f19bd1be0e42c346b98d15ff4"},
    {file = "ml_dtypes-0.3.2-cp39-cp39-macosx_10_9_universal2.whl", hash = "sha256:c7b3fb3d4f6b39bcd4f6c4b98f406291f0d681a895490ee29a0f95bab850d53c"},
    {file = "ml_dtypes-0.3.2-cp39-cp39-manylinux_2_17_aarch64.manylinux2014_aarch64.whl", hash = "sha256:7a4c3fcbf86fa52d0204f07cfd23947ef05b4ad743a1a988e163caa34a201e5e"},
    {file = "ml_dtypes-0.3.2-cp39-cp39-manylinux_2_17_x86_64.manylinux2014_x86_64.whl", hash = "sha256:91f8783fd1f2c23fd3b9ee5ad66b785dafa58ba3cdb050c4458021fa4d1eb226"},
    {file = "ml_dtypes-0.3.2-cp39-cp39-win_amd64.whl", hash = "sha256:7ba8e1fafc7fff3e643f453bffa7d082df1678a73286ce8187d3e825e776eb94"},
    {file = "ml_dtypes-0.3.2.tar.gz", hash = "sha256:533059bc5f1764fac071ef54598db358c167c51a718f68f5bb55e3dee79d2967"},
]

[package.dependencies]
numpy = [
    {version = ">=1.26.0", markers = "python_version >= \"3.12\""},
    {version = ">=1.23.3", markers = "python_version >= \"3.11\" and python_version < \"3.12\""},
]

[package.extras]
dev = ["absl-py", "pyink", "pylint (>=2.6.0)", "pytest", "pytest-xdist"]

[[package]]
name = "numpy"
version = "1.26.4"
description = "Fundamental package for array computing in Python"
optional = false
python-versions = ">=3.9"
files = [
    {file = "numpy-1.26.4-cp310-cp310-macosx_10_9_x86_64.whl", hash = "sha256:9ff0f4f29c51e2803569d7a51c2304de5554655a60c5d776e35b4a41413830d0"},
    {file = "numpy-1.26.4-cp310-cp310-macosx_11_0_arm64.whl", hash = "sha256:2e4ee3380d6de9c9ec04745830fd9e2eccb3e6cf790d39d7b98ffd19b0dd754a"},
    {file = "numpy-1.26.4-cp310-cp310-manylinux_2_17_aarch64.manylinux2014_aarch64.whl", hash = "sha256:d209d8969599b27ad20994c8e41936ee0964e6da07478d6c35016bc386b66ad4"},
    {file = "numpy-1.26.4-cp310-cp310-manylinux_2_17_x86_64.manylinux2014_x86_64.whl", hash = "sha256:ffa75af20b44f8dba823498024771d5ac50620e6915abac414251bd971b4529f"},
    {file = "numpy-1.26.4-cp310-cp310-musllinux_1_1_aarch64.whl", hash = "sha256:62b8e4b1e28009ef2846b4c7852046736bab361f7aeadeb6a5b89ebec3c7055a"},
    {file = "numpy-1.26.4-cp310-cp310-musllinux_1_1_x86_64.whl", hash = "sha256:a4abb4f9001ad2858e7ac189089c42178fcce737e4169dc61321660f1a96c7d2"},
    {file = "numpy-1.26.4-cp310-cp310-win32.whl", hash = "sha256:bfe25acf8b437eb2a8b2d49d443800a5f18508cd811fea3181723922a8a82b07"},
    {file = "numpy-1.26.4-cp310-cp310-win_amd64.whl", hash = "sha256:b97fe8060236edf3662adfc2c633f56a08ae30560c56310562cb4f95500022d5"},
    {file = "numpy-1.26.4-cp311-cp311-macosx_10_9_x86_64.whl", hash = "sha256:4c66707fabe114439db9068ee468c26bbdf909cac0fb58686a42a24de1760c71"},
    {file = "numpy-1.26.4-cp311-cp311-macosx_11_0_arm64.whl", hash = "sha256:edd8b5fe47dab091176d21bb6de568acdd906d1887a4584a15a9a96a1dca06ef"},
    {file = "numpy-1.26.4-cp311-cp311-manylinux_2_17_aarch64.manylinux2014_aarch64.whl", hash = "sha256:7ab55401287bfec946ced39700c053796e7cc0e3acbef09993a9ad2adba6ca6e"},
    {file = "numpy-1.26.4-cp311-cp311-manylinux_2_17_x86_64.manylinux2014_x86_64.whl", hash = "sha256:666dbfb6ec68962c033a450943ded891bed2d54e6755e35e5835d63f4f6931d5"},
    {file = "numpy-1.26.4-cp311-cp311-musllinux_1_1_aarch64.whl", hash = "sha256:96ff0b2ad353d8f990b63294c8986f1ec3cb19d749234014f4e7eb0112ceba5a"},
    {file = "numpy-1.26.4-cp311-cp311-musllinux_1_1_x86_64.whl", hash = "sha256:60dedbb91afcbfdc9bc0b1f3f402804070deed7392c23eb7a7f07fa857868e8a"},
    {file = "numpy-1.26.4-cp311-cp311-win32.whl", hash = "sha256:1af303d6b2210eb850fcf03064d364652b7120803a0b872f5211f5234b399f20"},
    {file = "numpy-1.26.4-cp311-cp311-win_amd64.whl", hash = "sha256:cd25bcecc4974d09257ffcd1f098ee778f7834c3ad767fe5db785be9a4aa9cb2"},
    {file = "numpy-1.26.4-cp312-cp312-macosx_10_9_x86_64.whl", hash = "sha256:b3ce300f3644fb06443ee2222c2201dd3a89ea6040541412b8fa189341847218"},
    {file = "numpy-1.26.4-cp312-cp312-macosx_11_0_arm64.whl", hash = "sha256:03a8c78d01d9781b28a6989f6fa1bb2c4f2d51201cf99d3dd875df6fbd96b23b"},
    {file = "numpy-1.26.4-cp312-cp312-manylinux_2_17_aarch64.manylinux2014_aarch64.whl", hash = "sha256:9fad7dcb1aac3c7f0584a5a8133e3a43eeb2fe127f47e3632d43d677c66c102b"},
    {file = "numpy-1.26.4-cp312-cp312-manylinux_2_17_x86_64.manylinux2014_x86_64.whl", hash = "sha256:675d61ffbfa78604709862923189bad94014bef562cc35cf61d3a07bba02a7ed"},
    {file = "numpy-1.26.4-cp312-cp312-musllinux_1_1_aarch64.whl", hash = "sha256:ab47dbe5cc8210f55aa58e4805fe224dac469cde56b9f731a4c098b91917159a"},
    {file = "numpy-1.26.4-cp312-cp312-musllinux_1_1_x86_64.whl", hash = "sha256:1dda2e7b4ec9dd512f84935c5f126c8bd8b9f2fc001e9f54af255e8c5f16b0e0"},
    {file = "numpy-1.26.4-cp312-cp312-win32.whl", hash = "sha256:50193e430acfc1346175fcbdaa28ffec49947a06918b7b92130744e81e640110"},
    {file = "numpy-1.26.4-cp312-cp312-win_amd64.whl", hash = "sha256:08beddf13648eb95f8d867350f6a018a4be2e5ad54c8d8caed89ebca558b2818"},
    {file = "numpy-1.26.4-cp39-cp39-macosx_10_9_x86_64.whl", hash = "sha256:7349ab0fa0c429c82442a27a9673fc802ffdb7c7775fad780226cb234965e53c"},
    {file = "numpy-1.26.4-cp39-cp39-macosx_11_0_arm64.whl", hash = "sha256:52b8b60467cd7dd1e9ed082188b4e6bb35aa5cdd01777621a1658910745b90be"},
    {file = "numpy-1.26.4-cp39-cp39-manylinux_2_17_aarch64.manylinux2014_aarch64.whl", hash = "sha256:d5241e0a80d808d70546c697135da2c613f30e28251ff8307eb72ba696945764"},
    {file = "numpy-1.26.4-cp39-cp39-manylinux_2_17_x86_64.manylinux2014_x86_64.whl", hash = "sha256:f870204a840a60da0b12273ef34f7051e98c3b5961b61b0c2c1be6dfd64fbcd3"},
    {file = "numpy-1.26.4-cp39-cp39-musllinux_1_1_aarch64.whl", hash = "sha256:679b0076f67ecc0138fd2ede3a8fd196dddc2ad3254069bcb9faf9a79b1cebcd"},
    {file = "numpy-1.26.4-cp39-cp39-musllinux_1_1_x86_64.whl", hash = "sha256:47711010ad8555514b434df65f7d7b076bb8261df1ca9bb78f53d3b2db02e95c"},
    {file = "numpy-1.26.4-cp39-cp39-win32.whl", hash = "sha256:a354325ee03388678242a4d7ebcd08b5c727033fcff3b2f536aea978e15ee9e6"},
    {file = "numpy-1.26.4-cp39-cp39-win_amd64.whl", hash = "sha256:3373d5d70a5fe74a2c1bb6d2cfd9609ecf686d47a2d7b1d37a8f3b6bf6003aea"},
    {file = "numpy-1.26.4-pp39-pypy39_pp73-macosx_10_9_x86_64.whl", hash = "sha256:afedb719a9dcfc7eaf2287b839d8198e06dcd4cb5d276a3df279231138e83d30"},
    {file = "numpy-1.26.4-pp39-pypy39_pp73-manylinux_2_17_x86_64.manylinux2014_x86_64.whl", hash = "sha256:95a7476c59002f2f6c590b9b7b998306fba6a5aa646b1e22ddfeaf8f78c3a29c"},
    {file = "numpy-1.26.4-pp39-pypy39_pp73-win_amd64.whl", hash = "sha256:7e50d0a0cc3189f9cb0aeb3a6a6af18c16f59f004b866cd2be1c14b36134a4a0"},
    {file = "numpy-1.26.4.tar.gz", hash = "sha256:2a02aba9ed12e4ac4eb3ea9421c420301a0c6460d9830d74a9df87efa4912010"},
]

[[package]]
name = "opt-einsum"
version = "3.3.0"
description = "Optimizing numpys einsum function"
optional = false
python-versions = ">=3.5"
files = [
    {file = "opt_einsum-3.3.0-py3-none-any.whl", hash = "sha256:2455e59e3947d3c275477df7f5205b30635e266fe6dc300e3d9f9646bfcea147"},
    {file = "opt_einsum-3.3.0.tar.gz", hash = "sha256:59f6475f77bbc37dcf7cd748519c0ec60722e91e63ca114e68821c0c54a46549"},
]

[package.dependencies]
numpy = ">=1.7"

[package.extras]
docs = ["numpydoc", "sphinx (==1.2.3)", "sphinx-rtd-theme", "sphinxcontrib-napoleon"]
tests = ["pytest", "pytest-cov", "pytest-pep8"]

[[package]]
name = "packaging"
version = "24.0"
description = "Core utilities for Python packages"
optional = false
python-versions = ">=3.7"
files = [
    {file = "packaging-24.0-py3-none-any.whl", hash = "sha256:2ddfb553fdf02fb784c234c7ba6ccc288296ceabec964ad2eae3777778130bc5"},
    {file = "packaging-24.0.tar.gz", hash = "sha256:eb82c5e3e56209074766e6885bb04b8c38a0c015d0a30036ebe7ece34c9989e9"},
]

[[package]]
name = "pluggy"
version = "1.4.0"
description = "plugin and hook calling mechanisms for python"
optional = false
python-versions = ">=3.8"
files = [
    {file = "pluggy-1.4.0-py3-none-any.whl", hash = "sha256:7db9f7b503d67d1c5b95f59773ebb58a8c1c288129a88665838012cfb07b8981"},
    {file = "pluggy-1.4.0.tar.gz", hash = "sha256:8c85c2876142a764e5b7548e7d9a0e0ddb46f5185161049a79b7e974454223be"},
]

[package.extras]
dev = ["pre-commit", "tox"]
testing = ["pytest", "pytest-benchmark"]

[[package]]
name = "pytest"
version = "8.1.1"
description = "pytest: simple powerful testing with Python"
optional = false
python-versions = ">=3.8"
files = [
    {file = "pytest-8.1.1-py3-none-any.whl", hash = "sha256:2a8386cfc11fa9d2c50ee7b2a57e7d898ef90470a7a34c4b949ff59662bb78b7"},
    {file = "pytest-8.1.1.tar.gz", hash = "sha256:ac978141a75948948817d360297b7aae0fcb9d6ff6bc9ec6d514b85d5a65c044"},
]

[package.dependencies]
colorama = {version = "*", markers = "sys_platform == \"win32\""}
iniconfig = "*"
packaging = "*"
pluggy = ">=1.4,<2.0"

[package.extras]
testing = ["argcomplete", "attrs (>=19.2)", "hypothesis (>=3.56)", "mock", "pygments (>=2.7.2)", "requests", "setuptools", "xmlschema"]

[[package]]
name = "scipy"
version = "1.12.0"
description = "Fundamental algorithms for scientific computing in Python"
optional = false
python-versions = ">=3.9"
files = [
    {file = "scipy-1.12.0-cp310-cp310-macosx_10_9_x86_64.whl", hash = "sha256:78e4402e140879387187f7f25d91cc592b3501a2e51dfb320f48dfb73565f10b"},
    {file = "scipy-1.12.0-cp310-cp310-macosx_12_0_arm64.whl", hash = "sha256:f5f00ebaf8de24d14b8449981a2842d404152774c1a1d880c901bf454cb8e2a1"},
    {file = "scipy-1.12.0-cp310-cp310-manylinux_2_17_aarch64.manylinux2014_aarch64.whl", hash = "sha256:e53958531a7c695ff66c2e7bb7b79560ffdc562e2051644c5576c39ff8efb563"},
    {file = "scipy-1.12.0-cp310-cp310-manylinux_2_17_x86_64.manylinux2014_x86_64.whl", hash = "sha256:5e32847e08da8d895ce09d108a494d9eb78974cf6de23063f93306a3e419960c"},
    {file = "scipy-1.12.0-cp310-cp310-musllinux_1_1_x86_64.whl", hash = "sha256:4c1020cad92772bf44b8e4cdabc1df5d87376cb219742549ef69fc9fd86282dd"},
    {file = "scipy-1.12.0-cp310-cp310-win_amd64.whl", hash = "sha256:75ea2a144096b5e39402e2ff53a36fecfd3b960d786b7efd3c180e29c39e53f2"},
    {file = "scipy-1.12.0-cp311-cp311-macosx_10_9_x86_64.whl", hash = "sha256:408c68423f9de16cb9e602528be4ce0d6312b05001f3de61fe9ec8b1263cad08"},
    {file = "scipy-1.12.0-cp311-cp311-macosx_12_0_arm64.whl", hash = "sha256:5adfad5dbf0163397beb4aca679187d24aec085343755fcdbdeb32b3679f254c"},
    {file = "scipy-1.12.0-cp311-cp311-manylinux_2_17_aarch64.manylinux2014_aarch64.whl", hash = "sha256:c3003652496f6e7c387b1cf63f4bb720951cfa18907e998ea551e6de51a04467"},
    {file = "scipy-1.12.0-cp311-cp311-manylinux_2_17_x86_64.manylinux2014_x86_64.whl", hash = "sha256:8b8066bce124ee5531d12a74b617d9ac0ea59245246410e19bca549656d9a40a"},
    {file = "scipy-1.12.0-cp311-cp311-musllinux_1_1_x86_64.whl", hash = "sha256:8bee4993817e204d761dba10dbab0774ba5a8612e57e81319ea04d84945375ba"},
    {file = "scipy-1.12.0-cp311-cp311-win_amd64.whl", hash = "sha256:a24024d45ce9a675c1fb8494e8e5244efea1c7a09c60beb1eeb80373d0fecc70"},
    {file = "scipy-1.12.0-cp312-cp312-macosx_10_9_x86_64.whl", hash = "sha256:e7e76cc48638228212c747ada851ef355c2bb5e7f939e10952bc504c11f4e372"},
    {file = "scipy-1.12.0-cp312-cp312-macosx_12_0_arm64.whl", hash = "sha256:f7ce148dffcd64ade37b2df9315541f9adad6efcaa86866ee7dd5db0c8f041c3"},
    {file = "scipy-1.12.0-cp312-cp312-manylinux_2_17_aarch64.manylinux2014_aarch64.whl", hash = "sha256:9c39f92041f490422924dfdb782527a4abddf4707616e07b021de33467f917bc"},
    {file = "scipy-1.12.0-cp312-cp312-manylinux_2_17_x86_64.manylinux2014_x86_64.whl", hash = "sha256:a7ebda398f86e56178c2fa94cad15bf457a218a54a35c2a7b4490b9f9cb2676c"},
    {file = "scipy-1.12.0-cp312-cp312-musllinux_1_1_x86_64.whl", hash = "sha256:95e5c750d55cf518c398a8240571b0e0782c2d5a703250872f36eaf737751338"},
    {file = "scipy-1.12.0-cp312-cp312-win_amd64.whl", hash = "sha256:e646d8571804a304e1da01040d21577685ce8e2db08ac58e543eaca063453e1c"},
    {file = "scipy-1.12.0-cp39-cp39-macosx_10_9_x86_64.whl", hash = "sha256:913d6e7956c3a671de3b05ccb66b11bc293f56bfdef040583a7221d9e22a2e35"},
    {file = "scipy-1.12.0-cp39-cp39-macosx_12_0_arm64.whl", hash = "sha256:bba1b0c7256ad75401c73e4b3cf09d1f176e9bd4248f0d3112170fb2ec4db067"},
    {file = "scipy-1.12.0-cp39-cp39-manylinux_2_17_aarch64.manylinux2014_aarch64.whl", hash = "sha256:730badef9b827b368f351eacae2e82da414e13cf8bd5051b4bdfd720271a5371"},
    {file = "scipy-1.12.0-cp39-cp39-manylinux_2_17_x86_64.manylinux2014_x86_64.whl", hash = "sha256:6546dc2c11a9df6926afcbdd8a3edec28566e4e785b915e849348c6dd9f3f490"},
    {file = "scipy-1.12.0-cp39-cp39-musllinux_1_1_x86_64.whl", hash = "sha256:196ebad3a4882081f62a5bf4aeb7326aa34b110e533aab23e4374fcccb0890dc"},
    {file = "scipy-1.12.0-cp39-cp39-win_amd64.whl", hash = "sha256:b360f1b6b2f742781299514e99ff560d1fe9bd1bff2712894b52abe528d1fd1e"},
    {file = "scipy-1.12.0.tar.gz", hash = "sha256:4bf5abab8a36d20193c698b0f1fc282c1d083c94723902c447e5d2f1780936a3"},
]

[package.dependencies]
numpy = ">=1.22.4,<1.29.0"

[package.extras]
dev = ["click", "cython-lint (>=0.12.2)", "doit (>=0.36.0)", "mypy", "pycodestyle", "pydevtool", "rich-click", "ruff", "types-psutil", "typing_extensions"]
doc = ["jupytext", "matplotlib (>2)", "myst-nb", "numpydoc", "pooch", "pydata-sphinx-theme (==0.9.0)", "sphinx (!=4.1.0)", "sphinx-design (>=0.2.0)"]
test = ["asv", "gmpy2", "hypothesis", "mpmath", "pooch", "pytest", "pytest-cov", "pytest-timeout", "pytest-xdist", "scikit-umfpack", "threadpoolctl"]

[[package]]
name = "sortedcontainers"
version = "2.4.0"
description = "Sorted Containers -- Sorted List, Sorted Dict, Sorted Set"
optional = false
python-versions = "*"
files = [
    {file = "sortedcontainers-2.4.0-py2.py3-none-any.whl", hash = "sha256:a163dcaede0f1c021485e957a39245190e74249897e2ae4b2aa38595db237ee0"},
    {file = "sortedcontainers-2.4.0.tar.gz", hash = "sha256:25caa5a06cc30b6b83d11423433f65d1f9d76c4c6a0c90e3379eaa43b9bfdb88"},
]

[[package]]
name = "typeguard"
version = "2.13.3"
description = "Run-time type checker for Python"
optional = false
python-versions = ">=3.5.3"
files = [
    {file = "typeguard-2.13.3-py3-none-any.whl", hash = "sha256:5e3e3be01e887e7eafae5af63d1f36c849aaa94e3a0112097312aabfa16284f1"},
    {file = "typeguard-2.13.3.tar.gz", hash = "sha256:00edaa8da3a133674796cf5ea87d9f4b4c367d77476e185e80251cc13dfbb8c4"},
]

[package.extras]
doc = ["sphinx-autodoc-typehints (>=1.2.0)", "sphinx-rtd-theme"]
test = ["mypy", "pytest", "typing-extensions"]

[metadata]
lock-version = "2.0"
python-versions = "^3.11"
content-hash = "24b5d46d6773d3fee7cf700a6da5bf9f5b1fab6cef76785f1f01c1dd8bc0febe"
